
Microsoft Visual Studio Solution File, Format Version 12.00
# Visual Studio 2013
VisualStudioVersion = 12.0.40629.0
MinimumVisualStudioVersion = 10.0.40219.1
Project("{FAE04EC0-301F-11D3-BF4B-00C04F79EFBC}") = "JsonBlobTest", "JsonBlobTest\JsonBlobTest.csproj", "{6AFC572B-D97B-4D04-986E-7A816878070E}"
EndProject
Global
	GlobalSection(SolutionConfigurationPlatforms) = preSolution
		Debug|Any CPU = Debug|Any CPU
		Release|Any CPU = Release|Any CPU
	EndGlobalSection
	GlobalSection(ProjectConfigurationPlatforms) = postSolution
		{6AFC572B-D97B-4D04-986E-7A816878070E}.Debug|Any CPU.ActiveCfg = Debug|Any CPU
		{6AFC572B-D97B-4D04-986E-7A816878070E}.Debug|Any CPU.Build.0 = Debug|Any CPU
		{6AFC572B-D97B-4D04-986E-7A816878070E}.Release|Any CPU.ActiveCfg = Release|Any CPU
		{6AFC572B-D97B-4D04-986E-7A816878070E}.Release|Any CPU.Build.0 = Release|Any CPU
	EndGlobalSection
	GlobalSection(SolutionProperties) = preSolution
		HideSolutionNode = FALSE
	EndGlobalSection
EndGlobal
